
Microsoft Visual Studio Solution File, Format Version 12.00
# Visual Studio Version 16
VisualStudioVersion = 16.0.29519.181
MinimumVisualStudioVersion = 10.0.40219.1
Project("{FAE04EC0-301F-11D3-BF4B-00C04F79EFBC}") = "P.Betting5", "P.Betting5\P.Betting5.csproj", "{2FC47106-ED20-4F55-9159-32D759F0BA9F}"
EndProject
Global
	GlobalSection(SolutionConfigurationPlatforms) = preSolution
		Debug|Any CPU = Debug|Any CPU
		Release|Any CPU = Release|Any CPU
	EndGlobalSection
	GlobalSection(ProjectConfigurationPlatforms) = postSolution
		{2FC47106-ED20-4F55-9159-32D759F0BA9F}.Debug|Any CPU.ActiveCfg = Debug|Any CPU
		{2FC47106-ED20-4F55-9159-32D759F0BA9F}.Debug|Any CPU.Build.0 = Debug|Any CPU
		{2FC47106-ED20-4F55-9159-32D759F0BA9F}.Release|Any CPU.ActiveCfg = Release|Any CPU
		{2FC47106-ED20-4F55-9159-32D759F0BA9F}.Release|Any CPU.Build.0 = Release|Any CPU
	EndGlobalSection
	GlobalSection(SolutionProperties) = preSolution
		HideSolutionNode = FALSE
	EndGlobalSection
	GlobalSection(ExtensibilityGlobals) = postSolution
		SolutionGuid = {0E22AA6B-D2A4-45CA-86E5-5656EDC5FE04}
	EndGlobalSection
EndGlobal
